// !$*UTF8*$!
{
	archiveVersion = 1;
	classes = {
	};
	objectVersion = 46;
	objects = {

/* Begin PBXBuildFile section */
		7371A18B1EF47D8200223D3C /* main.m in Sources */ = {isa = PBXBuildFile; fileRef = 7371A18A1EF47D8200223D3C /* main.m */; };
		7371A18E1EF47D8200223D3C /* AppDelegate.m in Sources */ = {isa = PBXBuildFile; fileRef = 7371A18D1EF47D8200223D3C /* AppDelegate.m */; };
		7371A1941EF47D8200223D3C /* Main.storyboard in Resources */ = {isa = PBXBuildFile; fileRef = 7371A1921EF47D8200223D3C /* Main.storyboard */; };
		7371A1961EF47D8200223D3C /* Assets.xcassets in Resources */ = {isa = PBXBuildFile; fileRef = 7371A1951EF47D8200223D3C /* Assets.xcassets */; };
		7371A1991EF47D8200223D3C /* LaunchScreen.storyboard in Resources */ = {isa = PBXBuildFile; fileRef = 7371A1971EF47D8200223D3C /* LaunchScreen.storyboard */; };
		7371A1A21EF47EEF00223D3C /* PageDataModel.m in Sources */ = {isa = PBXBuildFile; fileRef = 7371A1A11EF47EEF00223D3C /* PageDataModel.m */; };
		7371A1A51EF484C800223D3C /* StoryPageViewController.m in Sources */ = {isa = PBXBuildFile; fileRef = 7371A1A41EF484C800223D3C /* StoryPageViewController.m */; };
		7371A1A81EF486CD00223D3C /* SinglePageViewController.m in Sources */ = {isa = PBXBuildFile; fileRef = 7371A1A71EF486CD00223D3C /* SinglePageViewController.m */; };
/* End PBXBuildFile section */

/* Begin PBXFileReference section */
		7371A1861EF47D8200223D3C /* AVStorybook.app */ = {isa = PBXFileReference; explicitFileType = wrapper.application; includeInIndex = 0; path = AVStorybook.app; sourceTree = BUILT_PRODUCTS_DIR; };
		7371A18A1EF47D8200223D3C /* main.m */ = {isa = PBXFileReference; lastKnownFileType = sourcecode.c.objc; path = main.m; sourceTree = "<group>"; };
		7371A18C1EF47D8200223D3C /* AppDelegate.h */ = {isa = PBXFileReference; lastKnownFileType = sourcecode.c.h; path = AppDelegate.h; sourceTree = "<group>"; };
		7371A18D1EF47D8200223D3C /* AppDelegate.m */ = {isa = PBXFileReference; lastKnownFileType = sourcecode.c.objc; path = AppDelegate.m; sourceTree = "<group>"; };
		7371A1931EF47D8200223D3C /* Base */ = {isa = PBXFileReference; lastKnownFileType = file.storyboard; name = Base; path = Base.lproj/Main.storyboard; sourceTree = "<group>"; };
		7371A1951EF47D8200223D3C /* Assets.xcassets */ = {isa = PBXFileReference; lastKnownFileType = folder.assetcatalog; path = Assets.xcassets; sourceTree = "<group>"; };
		7371A1981EF47D8200223D3C /* Base */ = {isa = PBXFileReference; lastKnownFileType = file.storyboard; name = Base; path = Base.lproj/LaunchScreen.storyboard; sourceTree = "<group>"; };
		7371A19A1EF47D8200223D3C /* Info.plist */ = {isa = PBXFileReference; lastKnownFileType = text.plist.xml; path = Info.plist; sourceTree = "<group>"; };
		7371A1A01EF47EEF00223D3C /* PageDataModel.h */ = {isa = PBXFileReference; fileEncoding = 4; lastKnownFileType = sourcecode.c.h; path = PageDataModel.h; sourceTree = "<group>"; };
		7371A1A11EF47EEF00223D3C /* PageDataModel.m */ = {isa = PBXFileReference; fileEncoding = 4; lastKnownFileType = sourcecode.c.objc; path = PageDataModel.m; sourceTree = "<group>"; };
		7371A1A31EF484C800223D3C /* StoryPageViewController.h */ = {isa = PBXFileReference; fileEncoding = 4; lastKnownFileType = sourcecode.c.h; path = StoryPageViewController.h; sourceTree = "<group>"; };
		7371A1A41EF484C800223D3C /* StoryPageViewController.m */ = {isa = PBXFileReference; fileEncoding = 4; lastKnownFileType = sourcecode.c.objc; path = StoryPageViewController.m; sourceTree = "<group>"; };
		7371A1A61EF486CD00223D3C /* SinglePageViewController.h */ = {isa = PBXFileReference; fileEncoding = 4; lastKnownFileType = sourcecode.c.h; path = SinglePageViewController.h; sourceTree = "<group>"; };
		7371A1A71EF486CD00223D3C /* SinglePageViewController.m */ = {isa = PBXFileReference; fileEncoding = 4; lastKnownFileType = sourcecode.c.objc; path = SinglePageViewController.m; sourceTree = "<group>"; };
/* End PBXFileReference section */

/* Begin PBXFrameworksBuildPhase section */
		7371A1831EF47D8200223D3C /* Frameworks */ = {
			isa = PBXFrameworksBuildPhase;
			buildActionMask = 2147483647;
			files = (
			);
			runOnlyForDeploymentPostprocessing = 0;
		};
/* End PBXFrameworksBuildPhase section */

/* Begin PBXGroup section */
		7371A17D1EF47D8200223D3C = {
			isa = PBXGroup;
			children = (
				7371A1881EF47D8200223D3C /* AVStorybook */,
				7371A1871EF47D8200223D3C /* Products */,
			);
			sourceTree = "<group>";
		};
		7371A1871EF47D8200223D3C /* Products */ = {
			isa = PBXGroup;
			children = (
				7371A1861EF47D8200223D3C /* AVStorybook.app */,
			);
			name = Products;
			sourceTree = "<group>";
		};
		7371A1881EF47D8200223D3C /* AVStorybook */ = {
			isa = PBXGroup;
			children = (
				7371A18C1EF47D8200223D3C /* AppDelegate.h */,
				7371A18D1EF47D8200223D3C /* AppDelegate.m */,
				7371A1921EF47D8200223D3C /* Main.storyboard */,
				7371A1A61EF486CD00223D3C /* SinglePageViewController.h */,
				7371A1A71EF486CD00223D3C /* SinglePageViewController.m */,
				7371A1A31EF484C800223D3C /* StoryPageViewController.h */,
				7371A1A41EF484C800223D3C /* StoryPageViewController.m */,
				7371A1A01EF47EEF00223D3C /* PageDataModel.h */,
				7371A1A11EF47EEF00223D3C /* PageDataModel.m */,
				7371A1951EF47D8200223D3C /* Assets.xcassets */,
				7371A1971EF47D8200223D3C /* LaunchScreen.storyboard */,
				7371A19A1EF47D8200223D3C /* Info.plist */,
				7371A1891EF47D8200223D3C /* Supporting Files */,
			);
			path = AVStorybook;
			sourceTree = "<group>";
		};
		7371A1891EF47D8200223D3C /* Supporting Files */ = {
			isa = PBXGroup;
			children = (
				7371A18A1EF47D8200223D3C /* main.m */,
			);
			name = "Supporting Files";
			sourceTree = "<group>";
		};
/* End PBXGroup section */

/* Begin PBXNativeTarget section */
		7371A1851EF47D8200223D3C /* AVStorybook */ = {
			isa = PBXNativeTarget;
			buildConfigurationList = 7371A19D1EF47D8200223D3C /* Build configuration list for PBXNativeTarget "AVStorybook" */;
			buildPhases = (
				7371A1821EF47D8200223D3C /* Sources */,
				7371A1831EF47D8200223D3C /* Frameworks */,
				7371A1841EF47D8200223D3C /* Resources */,
			);
			buildRules = (
			);
			dependencies = (
			);
			name = AVStorybook;
			productName = AVStorybook;
			productReference = 7371A1861EF47D8200223D3C /* AVStorybook.app */;
			productType = "com.apple.product-type.application";
		};
/* End PBXNativeTarget section */

/* Begin PBXProject section */
		7371A17E1EF47D8200223D3C /* Project object */ = {
			isa = PBXProject;
			attributes = {
				LastUpgradeCheck = 0830;
				ORGANIZATIONNAME = "Kevin Cleathero";
				TargetAttributes = {
					7371A1851EF47D8200223D3C = {
						CreatedOnToolsVersion = 8.3.2;
						DevelopmentTeam = 67L55YCG7Q;
						ProvisioningStyle = Automatic;
					};
				};
			};
			buildConfigurationList = 7371A1811EF47D8200223D3C /* Build configuration list for PBXProject "AVStorybook" */;
			compatibilityVersion = "Xcode 3.2";
			developmentRegion = English;
			hasScannedForEncodings = 0;
			knownRegions = (
				en,
				Base,
			);
			mainGroup = 7371A17D1EF47D8200223D3C;
			productRefGroup = 7371A1871EF47D8200223D3C /* Products */;
			projectDirPath = "";
			projectRoot = "";
			targets = (
				7371A1851EF47D8200223D3C /* AVStorybook */,
			);
		};
/* End PBXProject section */

/* Begin PBXResourcesBuildPhase section */
		7371A1841EF47D8200223D3C /* Resources */ = {
			isa = PBXResourcesBuildPhase;
			buildActionMask = 2147483647;
			files = (
				7371A1991EF47D8200223D3C /* LaunchScreen.storyboard in Resources */,
				7371A1961EF47D8200223D3C /* Assets.xcassets in Resources */,
				7371A1941EF47D8200223D3C /* Main.storyboard in Resources */,
			);
			runOnlyForDeploymentPostprocessing = 0;
		};
/* End PBXResourcesBuildPhase section */

/* Begin PBXSourcesBuildPhase section */
		7371A1821EF47D8200223D3C /* Sources */ = {
			isa = PBXSourcesBuildPhase;
			buildActionMask = 2147483647;
			files = (
				7371A18E1EF47D8200223D3C /* AppDelegate.m in Sources */,
				7371A1A21EF47EEF00223D3C /* PageDataModel.m in Sources */,
				7371A18B1EF47D8200223D3C /* main.m in Sources */,
				7371A1A51EF484C800223D3C /* StoryPageViewController.m in Sources */,
				7371A1A81EF486CD00223D3C /* SinglePageViewController.m in Sources */,
			);
			runOnlyForDeploymentPostprocessing = 0;
		};
/* End PBXSourcesBuildPhase section */

/* Begin PBXVariantGroup section */
		7371A1921EF47D8200223D3C /* Main.storyboard */ = {
			isa = PBXVariantGroup;
			children = (
				7371A1931EF47D8200223D3C /* Base */,
			);
			name = Main.storyboard;
			sourceTree = "<group>";
		};
		7371A1971EF47D8200223D3C /* LaunchScreen.storyboard */ = {
			isa = PBXVariantGroup;
			children = (
				7371A1981EF47D8200223D3C /* Base */,
			);
			name = LaunchScreen.storyboard;
			sourceTree = "<group>";
		};
/* End PBXVariantGroup section */

/* Begin XCBuildConfiguration section */
		7371A19B1EF47D8200223D3C /* Debug */ = {
			isa = XCBuildConfiguration;
			buildSettings = {
				ALWAYS_SEARCH_USER_PATHS = NO;
				CLANG_ANALYZER_NONNULL = YES;
				CLANG_ANALYZER_NUMBER_OBJECT_CONVERSION = YES_AGGRESSIVE;
				CLANG_CXX_LANGUAGE_STANDARD = "gnu++0x";
				CLANG_CXX_LIBRARY = "libc++";
				CLANG_ENABLE_MODULES = YES;
				CLANG_ENABLE_OBJC_ARC = YES;
				CLANG_WARN_BOOL_CONVERSION = YES;
				CLANG_WARN_CONSTANT_CONVERSION = YES;
				CLANG_WARN_DIRECT_OBJC_ISA_USAGE = YES_ERROR;
				CLANG_WARN_DOCUMENTATION_COMMENTS = YES;
				CLANG_WARN_EMPTY_BODY = YES;
				CLANG_WARN_ENUM_CONVERSION = YES;
				CLANG_WARN_INFINITE_RECURSION = YES;
				CLANG_WARN_INT_CONVERSION = YES;
				CLANG_WARN_OBJC_ROOT_CLASS = YES_ERROR;
				CLANG_WARN_SUSPICIOUS_MOVE = YES;
				CLANG_WARN_UNREACHABLE_CODE = YES;
				CLANG_WARN__DUPLICATE_METHOD_MATCH = YES;
				"CODE_SIGN_IDENTITY[sdk=iphoneos*]" = "iPhone Developer";
				COPY_PHASE_STRIP = NO;
				DEBUG_INFORMATION_FORMAT = dwarf;
				ENABLE_STRICT_OBJC_MSGSEND = YES;
				ENABLE_TESTABILITY = YES;
				GCC_C_LANGUAGE_STANDARD = gnu99;
				GCC_DYNAMIC_NO_PIC = NO;
				GCC_NO_COMMON_BLOCKS = YES;
				GCC_OPTIMIZATION_LEVEL = 0;
				GCC_PREPROCESSOR_DEFINITIONS = (
					"DEBUG=1",
					"$(inherited)",
				);
				GCC_WARN_64_TO_32_BIT_CONVERSION = YES;
				GCC_WARN_ABOUT_RETURN_TYPE = YES_ERROR;
				GCC_WARN_UNDECLARED_SELECTOR = YES;
				GCC_WARN_UNINITIALIZED_AUTOS = YES_AGGRESSIVE;
				GCC_WARN_UNUSED_FUNCTION = YES;
				GCC_WARN_UNUSED_VARIABLE = YES;
				IPHONEOS_DEPLOYMENT_TARGET = 10.3;
				MTL_ENABLE_DEBUG_INFO = YES;
				ONLY_ACTIVE_ARCH = YES;
				SDKROOT = iphoneos;
			};
			name = Debug;
		};
		7371A19C1EF47D8200223D3C /* Release */ = {
			isa = XCBuildConfiguration;
			buildSettings = {
				ALWAYS_SEARCH_USER_PATHS = NO;
				CLANG_ANALYZER_NONNULL = YES;
				CLANG_ANALYZER_NUMBER_OBJECT_CONVERSION = YES_AGGRESSIVE;
				CLANG_CXX_LANGUAGE_STANDARD = "gnu++0x";
				CLANG_CXX_LIBRARY = "libc++";
				CLANG_ENABLE_MODULES = YES;
				CLANG_ENABLE_OBJC_ARC = YES;
				CLANG_WARN_BOOL_CONVERSION = YES;
				CLANG_WARN_CONSTANT_CONVERSION = YES;
				CLANG_WARN_DIRECT_OBJC_ISA_USAGE = YES_ERROR;
				CLANG_WARN_DOCUMENTATION_COMMENTS = YES;
				CLANG_WARN_EMPTY_BODY = YES;
				CLANG_WARN_ENUM_CONVERSION = YES;
				CLANG_WARN_INFINITE_RECURSION = YES;
				CLANG_WARN_INT_CONVERSION = YES;
				CLANG_WARN_OBJC_ROOT_CLASS = YES_ERROR;
				CLANG_WARN_SUSPICIOUS_MOVE = YES;
				CLANG_WARN_UNREACHABLE_CODE = YES;
				CLANG_WARN__DUPLICATE_METHOD_MATCH = YES;
				"CODE_SIGN_IDENTITY[sdk=iphoneos*]" = "iPhone Developer";
				COPY_PHASE_STRIP = NO;
				DEBUG_INFORMATION_FORMAT = "dwarf-with-dsym";
				ENABLE_NS_ASSERTIONS = NO;
				ENABLE_STRICT_OBJC_MSGSEND = YES;
				GCC_C_LANGUAGE_STANDARD = gnu99;
				GCC_NO_COMMON_BLOCKS = YES;
				GCC_WARN_64_TO_32_BIT_CONVERSION = YES;
				GCC_WARN_ABOUT_RETURN_TYPE = YES_ERROR;
				GCC_WARN_UNDECLARED_SELECTOR = YES;
				GCC_WARN_UNINITIALIZED_AUTOS = YES_AGGRESSIVE;
				GCC_WARN_UNUSED_FUNCTION = YES;
				GCC_WARN_UNUSED_VARIABLE = YES;
				IPHONEOS_DEPLOYMENT_TARGET = 10.3;
				MTL_ENABLE_DEBUG_INFO = NO;
				SDKROOT = iphoneos;
				VALIDATE_PRODUCT = YES;
			};
			name = Release;
		};
		7371A19E1EF47D8200223D3C /* Debug */ = {
			isa = XCBuildConfiguration;
			buildSettings = {
				ASSETCATALOG_COMPILER_APPICON_NAME = AppIcon;
				DEVELOPMENT_TEAM = 67L55YCG7Q;
				INFOPLIST_FILE = AVStorybook/Info.plist;
				LD_RUNPATH_SEARCH_PATHS = "$(inherited) @executable_path/Frameworks";
				PRODUCT_BUNDLE_IDENTIFIER = ignore.AVStorybook;
				PRODUCT_NAME = "$(TARGET_NAME)";
			};
			name = Debug;
		};
		7371A19F1EF47D8200223D3C /* Release */ = {
			isa = XCBuildConfiguration;
			buildSettings = {
				ASSETCATALOG_COMPILER_APPICON_NAME = AppIcon;
				DEVELOPMENT_TEAM = 67L55YCG7Q;
				INFOPLIST_FILE = AVStorybook/Info.plist;
				LD_RUNPATH_SEARCH_PATHS = "$(inherited) @executable_path/Frameworks";
				PRODUCT_BUNDLE_IDENTIFIER = ignore.AVStorybook;
				PRODUCT_NAME = "$(TARGET_NAME)";
			};
			name = Release;
		};
/* End XCBuildConfiguration section */

/* Begin XCConfigurationList section */
		7371A1811EF47D8200223D3C /* Build configuration list for PBXProject "AVStorybook" */ = {
			isa = XCConfigurationList;
			buildConfigurations = (
				7371A19B1EF47D8200223D3C /* Debug */,
				7371A19C1EF47D8200223D3C /* Release */,
			);
			defaultConfigurationIsVisible = 0;
			defaultConfigurationName = Release;
		};
		7371A19D1EF47D8200223D3C /* Build configuration list for PBXNativeTarget "AVStorybook" */ = {
			isa = XCConfigurationList;
			buildConfigurations = (
				7371A19E1EF47D8200223D3C /* Debug */,
				7371A19F1EF47D8200223D3C /* Release */,
			);
			defaultConfigurationIsVisible = 0;
			defaultConfigurationName = Release;
		};
/* End XCConfigurationList section */
	};
	rootObject = 7371A17E1EF47D8200223D3C /* Project object */;
}
